
Microsoft Visual Studio Solution File, Format Version 12.00
# Visual Studio Version 16
VisualStudioVersion = 16.0.29920.165
MinimumVisualStudioVersion = 10.0.40219.1
Project("{9A19103F-16F7-4668-BE54-9A1E7A4F7556}") = "OSConsole.Server", "OSConsole.Server\OSConsole.Server.csproj", "{03B89655-0A55-4778-8B45-58FF8E25F356}"
EndProject
Project("{FAE04EC0-301F-11D3-BF4B-00C04F79EFBC}") = "OSConsole.SerialTest", "OSConsole.SerialTest\OSConsole.SerialTest.csproj", "{9C44F73E-C1BC-4BFD-AD9D-4F2F5C2C3783}"
EndProject
Global
	GlobalSection(SolutionConfigurationPlatforms) = preSolution
		Debug|Any CPU = Debug|Any CPU
		Release|Any CPU = Release|Any CPU
	EndGlobalSection
	GlobalSection(ProjectConfigurationPlatforms) = postSolution
		{03B89655-0A55-4778-8B45-58FF8E25F356}.Debug|Any CPU.ActiveCfg = Debug|Any CPU
		{03B89655-0A55-4778-8B45-58FF8E25F356}.Debug|Any CPU.Build.0 = Debug|Any CPU
		{03B89655-0A55-4778-8B45-58FF8E25F356}.Release|Any CPU.ActiveCfg = Release|Any CPU
		{03B89655-0A55-4778-8B45-58FF8E25F356}.Release|Any CPU.Build.0 = Release|Any CPU
		{9C44F73E-C1BC-4BFD-AD9D-4F2F5C2C3783}.Debug|Any CPU.ActiveCfg = Debug|Any CPU
		{9C44F73E-C1BC-4BFD-AD9D-4F2F5C2C3783}.Debug|Any CPU.Build.0 = Debug|Any CPU
		{9C44F73E-C1BC-4BFD-AD9D-4F2F5C2C3783}.Release|Any CPU.ActiveCfg = Release|Any CPU
		{9C44F73E-C1BC-4BFD-AD9D-4F2F5C2C3783}.Release|Any CPU.Build.0 = Release|Any CPU
	EndGlobalSection
	GlobalSection(SolutionProperties) = preSolution
		HideSolutionNode = FALSE
	EndGlobalSection
	GlobalSection(ExtensibilityGlobals) = postSolution
		SolutionGuid = {04A00561-0BE3-4F89-B3B5-6ABCC5E69A0B}
	EndGlobalSection
EndGlobal
